
Microsoft Visual Studio Solution File, Format Version 12.00
# Visual Studio 15
VisualStudioVersion = 15.0.27004.2006
MinimumVisualStudioVersion = 10.0.40219.1
Project("{FAE04EC0-301F-11D3-BF4B-00C04F79EFBC}") = "StudentGradeDemo", "StudentGradeDemo\StudentGradeDemo.csproj", "{CCA70A00-5F7C-4532-B20D-FFA44DD4195C}"
EndProject
Global
	GlobalSection(SolutionConfigurationPlatforms) = preSolution
		Debug|Any CPU = Debug|Any CPU
		Release|Any CPU = Release|Any CPU
	EndGlobalSection
	GlobalSection(ProjectConfigurationPlatforms) = postSolution
		{CCA70A00-5F7C-4532-B20D-FFA44DD4195C}.Debug|Any CPU.ActiveCfg = Debug|Any CPU
		{CCA70A00-5F7C-4532-B20D-FFA44DD4195C}.Debug|Any CPU.Build.0 = Debug|Any CPU
		{CCA70A00-5F7C-4532-B20D-FFA44DD4195C}.Release|Any CPU.ActiveCfg = Release|Any CPU
		{CCA70A00-5F7C-4532-B20D-FFA44DD4195C}.Release|Any CPU.Build.0 = Release|Any CPU
	EndGlobalSection
	GlobalSection(SolutionProperties) = preSolution
		HideSolutionNode = FALSE
	EndGlobalSection
	GlobalSection(ExtensibilityGlobals) = postSolution
		SolutionGuid = {338EFC64-1C15-428D-8455-31FDA8D20D7D}
	EndGlobalSection
EndGlobal
